
Microsoft Visual Studio Solution File, Format Version 12.00
# Visual Studio Version 17
VisualStudioVersion = 17.8.34408.163
MinimumVisualStudioVersion = 10.0.40219.1
Project("{FAE04EC0-301F-11D3-BF4B-00C04F79EFBC}") = "CookieTest.Blazor", "CookieTest.Blazor\CookieTest.Blazor.csproj", "{483C0DC0-3203-4F18-BC66-47703FE1A964}"
EndProject
Project("{FAE04EC0-301F-11D3-BF4B-00C04F79EFBC}") = "CookieTest.Api", "CookieTest.Api\CookieTest.Api.csproj", "{2C4763CF-CA17-4A61-A6F6-C8F8C811098A}"
EndProject
Global
	GlobalSection(SolutionConfigurationPlatforms) = preSolution
		Debug|Any CPU = Debug|Any CPU
		Release|Any CPU = Release|Any CPU
	EndGlobalSection
	GlobalSection(ProjectConfigurationPlatforms) = postSolution
		{483C0DC0-3203-4F18-BC66-47703FE1A964}.Debug|Any CPU.ActiveCfg = Debug|Any CPU
		{483C0DC0-3203-4F18-BC66-47703FE1A964}.Debug|Any CPU.Build.0 = Debug|Any CPU
		{483C0DC0-3203-4F18-BC66-47703FE1A964}.Release|Any CPU.ActiveCfg = Release|Any CPU
		{483C0DC0-3203-4F18-BC66-47703FE1A964}.Release|Any CPU.Build.0 = Release|Any CPU
		{2C4763CF-CA17-4A61-A6F6-C8F8C811098A}.Debug|Any CPU.ActiveCfg = Debug|Any CPU
		{2C4763CF-CA17-4A61-A6F6-C8F8C811098A}.Debug|Any CPU.Build.0 = Debug|Any CPU
		{2C4763CF-CA17-4A61-A6F6-C8F8C811098A}.Release|Any CPU.ActiveCfg = Release|Any CPU
		{2C4763CF-CA17-4A61-A6F6-C8F8C811098A}.Release|Any CPU.Build.0 = Release|Any CPU
	EndGlobalSection
	GlobalSection(SolutionProperties) = preSolution
		HideSolutionNode = FALSE
	EndGlobalSection
	GlobalSection(ExtensibilityGlobals) = postSolution
		SolutionGuid = {E112AEBC-860D-4714-82AF-58B5CE5BDB3C}
	EndGlobalSection
EndGlobal
